
Microsoft Visual Studio Solution File, Format Version 12.00
# Visual Studio Version 17
VisualStudioVersion = 17.14.37203.1 d17.14
MinimumVisualStudioVersion = 10.0.40219.1
Project("{8BC9CEB8-8B4A-11D0-8D11-00A0C91BC942}") = "力扣", "力扣\力扣.vcxproj", "{C91E71C0-6D06-42B8-89BE-0E5F28086C64}"
EndProject
Global
	GlobalSection(SolutionConfigurationPlatforms) = preSolution
		Debug|x64 = Debug|x64
		Debug|x86 = Debug|x86
		Release|x64 = Release|x64
		Release|x86 = Release|x86
	EndGlobalSection
	GlobalSection(ProjectConfigurationPlatforms) = postSolution
		{C91E71C0-6D06-42B8-89BE-0E5F28086C64}.Debug|x64.ActiveCfg = Debug|x64
		{C91E71C0-6D06-42B8-89BE-0E5F28086C64}.Debug|x64.Build.0 = Debug|x64
		{C91E71C0-6D06-42B8-89BE-0E5F28086C64}.Debug|x86.ActiveCfg = Debug|Win32
		{C91E71C0-6D06-42B8-89BE-0E5F28086C64}.Debug|x86.Build.0 = Debug|Win32
		{C91E71C0-6D06-42B8-89BE-0E5F28086C64}.Release|x64.ActiveCfg = Release|x64
		{C91E71C0-6D06-42B8-89BE-0E5F28086C64}.Release|x64.Build.0 = Release|x64
		{C91E71C0-6D06-42B8-89BE-0E5F28086C64}.Release|x86.ActiveCfg = Release|Win32
		{C91E71C0-6D06-42B8-89BE-0E5F28086C64}.Release|x86.Build.0 = Release|Win32
	EndGlobalSection
	GlobalSection(SolutionProperties) = preSolution
		HideSolutionNode = FALSE
	EndGlobalSection
	GlobalSection(ExtensibilityGlobals) = postSolution
		SolutionGuid = {75356B8B-4351-4E50-9EFA-C6B47D2FD06B}
	EndGlobalSection
EndGlobal
